
Microsoft Visual Studio Solution File, Format Version 12.00
# Visual Studio Version 17
VisualStudioVersion = 17.13.35919.96 d17.13
MinimumVisualStudioVersion = 10.0.40219.1
Project("{FAE04EC0-301F-11D3-BF4B-00C04F79EFBC}") = "Labs_1", "Labs_1.csproj", "{B0704BA7-24DE-4F22-9579-B2374F4199E2}"
EndProject
Project("{FAE04EC0-301F-11D3-BF4B-00C04F79EFBC}") = "Lab-1_2", "..\Lab-1_2\Lab-1_2.csproj", "{3259D9EB-FE7E-44DA-BF75-9D4A988C9977}"
EndProject
Global
	GlobalSection(SolutionConfigurationPlatforms) = preSolution
		Debug|Any CPU = Debug|Any CPU
		Release|Any CPU = Release|Any CPU
	EndGlobalSection
	GlobalSection(ProjectConfigurationPlatforms) = postSolution
		{B0704BA7-24DE-4F22-9579-B2374F4199E2}.Debug|Any CPU.ActiveCfg = Debug|Any CPU
		{B0704BA7-24DE-4F22-9579-B2374F4199E2}.Debug|Any CPU.Build.0 = Debug|Any CPU
		{B0704BA7-24DE-4F22-9579-B2374F4199E2}.Release|Any CPU.ActiveCfg = Release|Any CPU
		{B0704BA7-24DE-4F22-9579-B2374F4199E2}.Release|Any CPU.Build.0 = Release|Any CPU
		{3259D9EB-FE7E-44DA-BF75-9D4A988C9977}.Debug|Any CPU.ActiveCfg = Debug|Any CPU
		{3259D9EB-FE7E-44DA-BF75-9D4A988C9977}.Debug|Any CPU.Build.0 = Debug|Any CPU
		{3259D9EB-FE7E-44DA-BF75-9D4A988C9977}.Release|Any CPU.ActiveCfg = Release|Any CPU
		{3259D9EB-FE7E-44DA-BF75-9D4A988C9977}.Release|Any CPU.Build.0 = Release|Any CPU
	EndGlobalSection
	GlobalSection(SolutionProperties) = preSolution
		HideSolutionNode = FALSE
	EndGlobalSection
	GlobalSection(ExtensibilityGlobals) = postSolution
		SolutionGuid = {42936D76-98C5-4B92-982B-64B5426EB921}
	EndGlobalSection
EndGlobal
