
Microsoft Visual Studio Solution File, Format Version 12.00
# Visual Studio Version 17
VisualStudioVersion = 17.13.35931.197 d17.13
MinimumVisualStudioVersion = 10.0.40219.1
Project("{FAE04EC0-301F-11D3-BF4B-00C04F79EFBC}") = "Cars", "Cars.csproj", "{A8E29AE8-9293-45A2-B815-866AD5C0A380}"
EndProject
Global
	GlobalSection(SolutionConfigurationPlatforms) = preSolution
		Debug|Any CPU = Debug|Any CPU
		Release|Any CPU = Release|Any CPU
	EndGlobalSection
	GlobalSection(ProjectConfigurationPlatforms) = postSolution
		{A8E29AE8-9293-45A2-B815-866AD5C0A380}.Debug|Any CPU.ActiveCfg = Debug|Any CPU
		{A8E29AE8-9293-45A2-B815-866AD5C0A380}.Debug|Any CPU.Build.0 = Debug|Any CPU
		{A8E29AE8-9293-45A2-B815-866AD5C0A380}.Release|Any CPU.ActiveCfg = Release|Any CPU
		{A8E29AE8-9293-45A2-B815-866AD5C0A380}.Release|Any CPU.Build.0 = Release|Any CPU
	EndGlobalSection
	GlobalSection(SolutionProperties) = preSolution
		HideSolutionNode = FALSE
	EndGlobalSection
	GlobalSection(ExtensibilityGlobals) = postSolution
		SolutionGuid = {CB2FE328-492A-4D9C-B487-EDE1DD54C3E5}
	EndGlobalSection
EndGlobal
