
Microsoft Visual Studio Solution File, Format Version 12.00
# Visual Studio Version 17
VisualStudioVersion = 17.13.35931.197 d17.13
MinimumVisualStudioVersion = 10.0.40219.1
Project("{FAE04EC0-301F-11D3-BF4B-00C04F79EFBC}") = "Business", "Business.csproj", "{6FEBA327-8D04-421D-BB1F-383E07BC6667}"
EndProject
Global
	GlobalSection(SolutionConfigurationPlatforms) = preSolution
		Debug|Any CPU = Debug|Any CPU
		Release|Any CPU = Release|Any CPU
	EndGlobalSection
	GlobalSection(ProjectConfigurationPlatforms) = postSolution
		{6FEBA327-8D04-421D-BB1F-383E07BC6667}.Debug|Any CPU.ActiveCfg = Debug|Any CPU
		{6FEBA327-8D04-421D-BB1F-383E07BC6667}.Debug|Any CPU.Build.0 = Debug|Any CPU
		{6FEBA327-8D04-421D-BB1F-383E07BC6667}.Release|Any CPU.ActiveCfg = Release|Any CPU
		{6FEBA327-8D04-421D-BB1F-383E07BC6667}.Release|Any CPU.Build.0 = Release|Any CPU
	EndGlobalSection
	GlobalSection(SolutionProperties) = preSolution
		HideSolutionNode = FALSE
	EndGlobalSection
	GlobalSection(ExtensibilityGlobals) = postSolution
		SolutionGuid = {2BE2932B-8917-4674-B135-1C6629DD98A7}
	EndGlobalSection
EndGlobal
