
Microsoft Visual Studio Solution File, Format Version 12.00
# Visual Studio Version 17
VisualStudioVersion = 17.13.35919.96
MinimumVisualStudioVersion = 10.0.40219.1
Project("{FAE04EC0-301F-11D3-BF4B-00C04F79EFBC}") = "WorkWithArrays", "WorkWithArrays.csproj", "{655C03C1-D6BC-4A19-B451-FBDB203DF4B2}"
EndProject
Project("{FAE04EC0-301F-11D3-BF4B-00C04F79EFBC}") = "CreatinganArrayofObjects", "..\CreatinganArrayofObjects\CreatinganArrayofObjects.csproj", "{1995FB12-5CEF-453F-9F25-7A4F1E8BF4AB}"
EndProject
Global
	GlobalSection(SolutionConfigurationPlatforms) = preSolution
		Debug|Any CPU = Debug|Any CPU
		Release|Any CPU = Release|Any CPU
	EndGlobalSection
	GlobalSection(ProjectConfigurationPlatforms) = postSolution
		{655C03C1-D6BC-4A19-B451-FBDB203DF4B2}.Debug|Any CPU.ActiveCfg = Debug|Any CPU
		{655C03C1-D6BC-4A19-B451-FBDB203DF4B2}.Debug|Any CPU.Build.0 = Debug|Any CPU
		{655C03C1-D6BC-4A19-B451-FBDB203DF4B2}.Release|Any CPU.ActiveCfg = Release|Any CPU
		{655C03C1-D6BC-4A19-B451-FBDB203DF4B2}.Release|Any CPU.Build.0 = Release|Any CPU
		{1995FB12-5CEF-453F-9F25-7A4F1E8BF4AB}.Debug|Any CPU.ActiveCfg = Debug|Any CPU
		{1995FB12-5CEF-453F-9F25-7A4F1E8BF4AB}.Debug|Any CPU.Build.0 = Debug|Any CPU
		{1995FB12-5CEF-453F-9F25-7A4F1E8BF4AB}.Release|Any CPU.ActiveCfg = Release|Any CPU
		{1995FB12-5CEF-453F-9F25-7A4F1E8BF4AB}.Release|Any CPU.Build.0 = Release|Any CPU
	EndGlobalSection
	GlobalSection(SolutionProperties) = preSolution
		HideSolutionNode = FALSE
	EndGlobalSection
	GlobalSection(ExtensibilityGlobals) = postSolution
		SolutionGuid = {498F344B-9290-480B-80BC-10CC658FF869}
	EndGlobalSection
EndGlobal
